{
    "name": "trustchain",
    "version": "0.1.0",
    "lockfileVersion": 1,
    "requires": true,
    "dependencies": {
        "identicon.js": {
            "version": "2.3.1",
            "resolved": "https://registry.npmjs.org/identicon.js/-/identicon.js-2.3.1.tgz",
            "integrity": "sha512-PsxOTpq2Mwj2dgpHW50vcBdSebozcL9xKLIqRVkh2c4lqbCB75pkpdDKoKkVtTfpha/rl4BubXm3Q90vxlmUxQ=="
        }
    }
}
